// !$*UTF8*$!
{
	archiveVersion = 1;
	classes = {
	};
	objectVersion = 50;
	objects = {

/* Begin PBXBuildFile section */
		73D8734C59A39D3D696E816E /* Pods_Spreadsheet.framework in Frameworks */ = {isa = PBXBuildFile; fileRef = 426208754BA7FA6963C910C1 /* Pods_Spreadsheet.framework */; };
		8E9A00B0221061A9001D2DAE /* Color.swift in Sources */ = {isa = PBXBuildFile; fileRef = 8E9A00AF221061A9001D2DAE /* Color.swift */; };
		8E9A00B222108A42001D2DAE /* Cells.swift in Sources */ = {isa = PBXBuildFile; fileRef = 8E9A00B122108A42001D2DAE /* Cells.swift */; };
		8E9A00B422117F4D001D2DAE /* Extensions.swift in Sources */ = {isa = PBXBuildFile; fileRef = 8E9A00B322117F4D001D2DAE /* Extensions.swift */; };
		8E9A00B622118AA3001D2DAE /* README.md in Resources */ = {isa = PBXBuildFile; fileRef = 8E9A00B522118AA3001D2DAE /* README.md */; };
		8EDAA20E2210597B00C23659 /* AppDelegate.swift in Sources */ = {isa = PBXBuildFile; fileRef = 8EDAA20D2210597B00C23659 /* AppDelegate.swift */; };
		8EDAA2102210597B00C23659 /* SpreadsheetVC.swift in Sources */ = {isa = PBXBuildFile; fileRef = 8EDAA20F2210597B00C23659 /* SpreadsheetVC.swift */; };
		8EDAA2132210597B00C23659 /* Main.storyboard in Resources */ = {isa = PBXBuildFile; fileRef = 8EDAA2112210597B00C23659 /* Main.storyboard */; };
		8EDAA2152210597C00C23659 /* Assets.xcassets in Resources */ = {isa = PBXBuildFile; fileRef = 8EDAA2142210597C00C23659 /* Assets.xcassets */; };
		8EDAA2182210597C00C23659 /* LaunchScreen.storyboard in Resources */ = {isa = PBXBuildFile; fileRef = 8EDAA2162210597C00C23659 /* LaunchScreen.storyboard */; };
/* End PBXBuildFile section */

/* Begin PBXFileReference section */
		426208754BA7FA6963C910C1 /* Pods_Spreadsheet.framework */ = {isa = PBXFileReference; explicitFileType = wrapper.framework; includeInIndex = 0; path = Pods_Spreadsheet.framework; sourceTree = BUILT_PRODUCTS_DIR; };
		8E9A00AF221061A9001D2DAE /* Color.swift */ = {isa = PBXFileReference; lastKnownFileType = sourcecode.swift; path = Color.swift; sourceTree = "<group>"; };
		8E9A00B122108A42001D2DAE /* Cells.swift */ = {isa = PBXFileReference; lastKnownFileType = sourcecode.swift; path = Cells.swift; sourceTree = "<group>"; };
		8E9A00B322117F4D001D2DAE /* Extensions.swift */ = {isa = PBXFileReference; lastKnownFileType = sourcecode.swift; path = Extensions.swift; sourceTree = "<group>"; };
		8E9A00B522118AA3001D2DAE /* README.md */ = {isa = PBXFileReference; fileEncoding = 4; lastKnownFileType = net.daringfireball.markdown; path = README.md; sourceTree = SOURCE_ROOT; };
		8EDAA20A2210597B00C23659 /* Spreadsheet.app */ = {isa = PBXFileReference; explicitFileType = wrapper.application; includeInIndex = 0; path = Spreadsheet.app; sourceTree = BUILT_PRODUCTS_DIR; };
		8EDAA20D2210597B00C23659 /* AppDelegate.swift */ = {isa = PBXFileReference; lastKnownFileType = sourcecode.swift; path = AppDelegate.swift; sourceTree = "<group>"; };
		8EDAA20F2210597B00C23659 /* SpreadsheetVC.swift */ = {isa = PBXFileReference; lastKnownFileType = sourcecode.swift; path = SpreadsheetVC.swift; sourceTree = "<group>"; };
		8EDAA2122210597B00C23659 /* Base */ = {isa = PBXFileReference; lastKnownFileType = file.storyboard; name = Base; path = Base.lproj/Main.storyboard; sourceTree = "<group>"; };
		8EDAA2142210597C00C23659 /* Assets.xcassets */ = {isa = PBXFileReference; lastKnownFileType = folder.assetcatalog; path = Assets.xcassets; sourceTree = "<group>"; };
		8EDAA2172210597C00C23659 /* Base */ = {isa = PBXFileReference; lastKnownFileType = file.storyboard; name = Base; path = Base.lproj/LaunchScreen.storyboard; sourceTree = "<group>"; };
		8EDAA2192210597C00C23659 /* Info.plist */ = {isa = PBXFileReference; lastKnownFileType = text.plist.xml; path = Info.plist; sourceTree = "<group>"; };
		96CABB17D1F44AEAD2DC4015 /* Pods-Spreadsheet.debug.xcconfig */ = {isa = PBXFileReference; includeInIndex = 1; lastKnownFileType = text.xcconfig; name = "Pods-Spreadsheet.debug.xcconfig"; path = "Pods/Target Support Files/Pods-Spreadsheet/Pods-Spreadsheet.debug.xcconfig"; sourceTree = "<group>"; };
		FE0D078814EF4B3039C1E0D7 /* Pods-Spreadsheet.release.xcconfig */ = {isa = PBXFileReference; includeInIndex = 1; lastKnownFileType = text.xcconfig; name = "Pods-Spreadsheet.release.xcconfig"; path = "Pods/Target Support Files/Pods-Spreadsheet/Pods-Spreadsheet.release.xcconfig"; sourceTree = "<group>"; };
/* End PBXFileReference section */

/* Begin PBXFrameworksBuildPhase section */
		8EDAA2072210597B00C23659 /* Frameworks */ = {
			isa = PBXFrameworksBuildPhase;
			buildActionMask = 2147483647;
			files = (
				73D8734C59A39D3D696E816E /* Pods_Spreadsheet.framework in Frameworks */,
			);
			runOnlyForDeploymentPostprocessing = 0;
		};
/* End PBXFrameworksBuildPhase section */

/* Begin PBXGroup section */
		30D7290A276758E1E361A37C /* Pods */ = {
			isa = PBXGroup;
			children = (
				96CABB17D1F44AEAD2DC4015 /* Pods-Spreadsheet.debug.xcconfig */,
				FE0D078814EF4B3039C1E0D7 /* Pods-Spreadsheet.release.xcconfig */,
			);
			name = Pods;
			sourceTree = "<group>";
		};
		8E9A00AE22106193001D2DAE /* Utilities */ = {
			isa = PBXGroup;
			children = (
				8E9A00AF221061A9001D2DAE /* Color.swift */,
				8E9A00B322117F4D001D2DAE /* Extensions.swift */,
			);
			path = Utilities;
			sourceTree = "<group>";
		};
		8EDAA2012210597B00C23659 = {
			isa = PBXGroup;
			children = (
				8EDAA20C2210597B00C23659 /* Spreadsheet */,
				8EDAA20B2210597B00C23659 /* Products */,
				30D7290A276758E1E361A37C /* Pods */,
				E6BEB1DB893264828879AB9C /* Frameworks */,
			);
			sourceTree = "<group>";
		};
		8EDAA20B2210597B00C23659 /* Products */ = {
			isa = PBXGroup;
			children = (
				8EDAA20A2210597B00C23659 /* Spreadsheet.app */,
			);
			name = Products;
			sourceTree = "<group>";
		};
		8EDAA20C2210597B00C23659 /* Spreadsheet */ = {
			isa = PBXGroup;
			children = (
				8E9A00AE22106193001D2DAE /* Utilities */,
				8EDAA20D2210597B00C23659 /* AppDelegate.swift */,
				8EDAA20F2210597B00C23659 /* SpreadsheetVC.swift */,
				8E9A00B122108A42001D2DAE /* Cells.swift */,
				8EDAA2112210597B00C23659 /* Main.storyboard */,
				8EDAA2142210597C00C23659 /* Assets.xcassets */,
				8EDAA2162210597C00C23659 /* LaunchScreen.storyboard */,
				8EDAA2192210597C00C23659 /* Info.plist */,
				8E9A00B522118AA3001D2DAE /* README.md */,
			);
			path = Spreadsheet;
			sourceTree = "<group>";
		};
		E6BEB1DB893264828879AB9C /* Frameworks */ = {
			isa = PBXGroup;
			children = (
				426208754BA7FA6963C910C1 /* Pods_Spreadsheet.framework */,
			);
			name = Frameworks;
			sourceTree = "<group>";
		};
/* End PBXGroup section */

/* Begin PBXNativeTarget section */
		8EDAA2092210597B00C23659 /* Spreadsheet */ = {
			isa = PBXNativeTarget;
			buildConfigurationList = 8EDAA21C2210597C00C23659 /* Build configuration list for PBXNativeTarget "Spreadsheet" */;
			buildPhases = (
				703A63D05704A84FC9A21E48 /* [CP] Check Pods Manifest.lock */,
				8EDAA2062210597B00C23659 /* Sources */,
				8EDAA2072210597B00C23659 /* Frameworks */,
				8EDAA2082210597B00C23659 /* Resources */,
				6A1FCDE06FC9A480AE672033 /* [CP] Embed Pods Frameworks */,
			);
			buildRules = (
			);
			dependencies = (
			);
			name = Spreadsheet;
			productName = Spreadsheet;
			productReference = 8EDAA20A2210597B00C23659 /* Spreadsheet.app */;
			productType = "com.apple.product-type.application";
		};
/* End PBXNativeTarget section */

/* Begin PBXProject section */
		8EDAA2022210597B00C23659 /* Project object */ = {
			isa = PBXProject;
			attributes = {
				LastSwiftUpdateCheck = 1010;
				LastUpgradeCheck = 1010;
				ORGANIZATIONNAME = "Oraz Atakishiyev";
				TargetAttributes = {
					8EDAA2092210597B00C23659 = {
						CreatedOnToolsVersion = 10.1;
					};
				};
			};
			buildConfigurationList = 8EDAA2052210597B00C23659 /* Build configuration list for PBXProject "Spreadsheet" */;
			compatibilityVersion = "Xcode 9.3";
			developmentRegion = en;
			hasScannedForEncodings = 0;
			knownRegions = (
				en,
				Base,
			);
			mainGroup = 8EDAA2012210597B00C23659;
			productRefGroup = 8EDAA20B2210597B00C23659 /* Products */;
			projectDirPath = "";
			projectRoot = "";
			targets = (
				8EDAA2092210597B00C23659 /* Spreadsheet */,
			);
		};
/* End PBXProject section */

/* Begin PBXResourcesBuildPhase section */
		8EDAA2082210597B00C23659 /* Resources */ = {
			isa = PBXResourcesBuildPhase;
			buildActionMask = 2147483647;
			files = (
				8EDAA2182210597C00C23659 /* LaunchScreen.storyboard in Resources */,
				8EDAA2152210597C00C23659 /* Assets.xcassets in Resources */,
				8E9A00B622118AA3001D2DAE /* README.md in Resources */,
				8EDAA2132210597B00C23659 /* Main.storyboard in Resources */,
			);
			runOnlyForDeploymentPostprocessing = 0;
		};
/* End PBXResourcesBuildPhase section */

/* Begin PBXShellScriptBuildPhase section */
		6A1FCDE06FC9A480AE672033 /* [CP] Embed Pods Frameworks */ = {
			isa = PBXShellScriptBuildPhase;
			buildActionMask = 2147483647;
			files = (
			);
			inputPaths = (
				"${SRCROOT}/Pods/Target Support Files/Pods-Spreadsheet/Pods-Spreadsheet-frameworks.sh",
				"${BUILT_PRODUCTS_DIR}/MDFInternationalization/MDFInternationalization.framework",
				"${BUILT_PRODUCTS_DIR}/MDFTextAccessibility/MDFTextAccessibility.framework",
				"${BUILT_PRODUCTS_DIR}/MaterialComponents/MaterialComponents.framework",
				"${BUILT_PRODUCTS_DIR}/SpreadsheetView/SpreadsheetView.framework",
			);
			name = "[CP] Embed Pods Frameworks";
			outputPaths = (
				"${TARGET_BUILD_DIR}/${FRAMEWORKS_FOLDER_PATH}/MDFInternationalization.framework",
				"${TARGET_BUILD_DIR}/${FRAMEWORKS_FOLDER_PATH}/MDFTextAccessibility.framework",
				"${TARGET_BUILD_DIR}/${FRAMEWORKS_FOLDER_PATH}/MaterialComponents.framework",
				"${TARGET_BUILD_DIR}/${FRAMEWORKS_FOLDER_PATH}/SpreadsheetView.framework",
			);
			runOnlyForDeploymentPostprocessing = 0;
			shellPath = /bin/sh;
			shellScript = "\"${SRCROOT}/Pods/Target Support Files/Pods-Spreadsheet/Pods-Spreadsheet-frameworks.sh\"\n";
			showEnvVarsInLog = 0;
		};
		703A63D05704A84FC9A21E48 /* [CP] Check Pods Manifest.lock */ = {
			isa = PBXShellScriptBuildPhase;
			buildActionMask = 2147483647;
			files = (
			);
			inputPaths = (
				"${PODS_PODFILE_DIR_PATH}/Podfile.lock",
				"${PODS_ROOT}/Manifest.lock",
			);
			name = "[CP] Check Pods Manifest.lock";
			outputPaths = (
				"$(DERIVED_FILE_DIR)/Pods-Spreadsheet-checkManifestLockResult.txt",
			);
			runOnlyForDeploymentPostprocessing = 0;
			shellPath = /bin/sh;
			shellScript = "diff \"${PODS_PODFILE_DIR_PATH}/Podfile.lock\" \"${PODS_ROOT}/Manifest.lock\" > /dev/null\nif [ $? != 0 ] ; then\n    # print error to STDERR\n    echo \"error: The sandbox is not in sync with the Podfile.lock. Run 'pod install' or update your CocoaPods installation.\" >&2\n    exit 1\nfi\n# This output is used by Xcode 'outputs' to avoid re-running this script phase.\necho \"SUCCESS\" > \"${SCRIPT_OUTPUT_FILE_0}\"\n";
			showEnvVarsInLog = 0;
		};
/* End PBXShellScriptBuildPhase section */

/* Begin PBXSourcesBuildPhase section */
		8EDAA2062210597B00C23659 /* Sources */ = {
			isa = PBXSourcesBuildPhase;
			buildActionMask = 2147483647;
			files = (
				8E9A00B422117F4D001D2DAE /* Extensions.swift in Sources */,
				8EDAA2102210597B00C23659 /* SpreadsheetVC.swift in Sources */,
				8E9A00B222108A42001D2DAE /* Cells.swift in Sources */,
				8EDAA20E2210597B00C23659 /* AppDelegate.swift in Sources */,
				8E9A00B0221061A9001D2DAE /* Color.swift in Sources */,
			);
			runOnlyForDeploymentPostprocessing = 0;
		};
/* End PBXSourcesBuildPhase section */

/* Begin PBXVariantGroup section */
		8EDAA2112210597B00C23659 /* Main.storyboard */ = {
			isa = PBXVariantGroup;
			children = (
				8EDAA2122210597B00C23659 /* Base */,
			);
			name = Main.storyboard;
			sourceTree = "<group>";
		};
		8EDAA2162210597C00C23659 /* LaunchScreen.storyboard */ = {
			isa = PBXVariantGroup;
			children = (
				8EDAA2172210597C00C23659 /* Base */,
			);
			name = LaunchScreen.storyboard;
			sourceTree = "<group>";
		};
/* End PBXVariantGroup section */

/* Begin XCBuildConfiguration section */
		8EDAA21A2210597C00C23659 /* Debug */ = {
			isa = XCBuildConfiguration;
			buildSettings = {
				ALWAYS_SEARCH_USER_PATHS = NO;
				CLANG_ANALYZER_NONNULL = YES;
				CLANG_ANALYZER_NUMBER_OBJECT_CONVERSION = YES_AGGRESSIVE;
				CLANG_CXX_LANGUAGE_STANDARD = "gnu++14";
				CLANG_CXX_LIBRARY = "libc++";
				CLANG_ENABLE_MODULES = YES;
				CLANG_ENABLE_OBJC_ARC = YES;
				CLANG_ENABLE_OBJC_WEAK = YES;
				CLANG_WARN_BLOCK_CAPTURE_AUTORELEASING = YES;
				CLANG_WARN_BOOL_CONVERSION = YES;
				CLANG_WARN_COMMA = YES;
				CLANG_WARN_CONSTANT_CONVERSION = YES;
				CLANG_WARN_DEPRECATED_OBJC_IMPLEMENTATIONS = YES;
				CLANG_WARN_DIRECT_OBJC_ISA_USAGE = YES_ERROR;
				CLANG_WARN_DOCUMENTATION_COMMENTS = YES;
				CLANG_WARN_EMPTY_BODY = YES;
				CLANG_WARN_ENUM_CONVERSION = YES;
				CLANG_WARN_INFINITE_RECURSION = YES;
				CLANG_WARN_INT_CONVERSION = YES;
				CLANG_WARN_NON_LITERAL_NULL_CONVERSION = YES;
				CLANG_WARN_OBJC_IMPLICIT_RETAIN_SELF = YES;
				CLANG_WARN_OBJC_LITERAL_CONVERSION = YES;
				CLANG_WARN_OBJC_ROOT_CLASS = YES_ERROR;
				CLANG_WARN_RANGE_LOOP_ANALYSIS = YES;
				CLANG_WARN_STRICT_PROTOTYPES = YES;
				CLANG_WARN_SUSPICIOUS_MOVE = YES;
				CLANG_WARN_UNGUARDED_AVAILABILITY = YES_AGGRESSIVE;
				CLANG_WARN_UNREACHABLE_CODE = YES;
				CLANG_WARN__DUPLICATE_METHOD_MATCH = YES;
				CODE_SIGN_IDENTITY = "iPhone Developer";
				COPY_PHASE_STRIP = NO;
				DEBUG_INFORMATION_FORMAT = dwarf;
				ENABLE_STRICT_OBJC_MSGSEND = YES;
				ENABLE_TESTABILITY = YES;
				GCC_C_LANGUAGE_STANDARD = gnu11;
				GCC_DYNAMIC_NO_PIC = NO;
				GCC_NO_COMMON_BLOCKS = YES;
				GCC_OPTIMIZATION_LEVEL = 0;
				GCC_PREPROCESSOR_DEFINITIONS = (
					"DEBUG=1",
					"$(inherited)",
				);
				GCC_WARN_64_TO_32_BIT_CONVERSION = YES;
				GCC_WARN_ABOUT_RETURN_TYPE = YES_ERROR;
				GCC_WARN_UNDECLARED_SELECTOR = YES;
				GCC_WARN_UNINITIALIZED_AUTOS = YES_AGGRESSIVE;
				GCC_WARN_UNUSED_FUNCTION = YES;
				GCC_WARN_UNUSED_VARIABLE = YES;
				IPHONEOS_DEPLOYMENT_TARGET = 12.1;
				MTL_ENABLE_DEBUG_INFO = INCLUDE_SOURCE;
				MTL_FAST_MATH = YES;
				ONLY_ACTIVE_ARCH = YES;
				SDKROOT = iphoneos;
				SWIFT_ACTIVE_COMPILATION_CONDITIONS = DEBUG;
				SWIFT_OPTIMIZATION_LEVEL = "-Onone";
			};
			name = Debug;
		};
		8EDAA21B2210597C00C23659 /* Release */ = {
			isa = XCBuildConfiguration;
			buildSettings = {
				ALWAYS_SEARCH_USER_PATHS = NO;
				CLANG_ANALYZER_NONNULL = YES;
				CLANG_ANALYZER_NUMBER_OBJECT_CONVERSION = YES_AGGRESSIVE;
				CLANG_CXX_LANGUAGE_STANDARD = "gnu++14";
				CLANG_CXX_LIBRARY = "libc++";
				CLANG_ENABLE_MODULES = YES;
				CLANG_ENABLE_OBJC_ARC = YES;
				CLANG_ENABLE_OBJC_WEAK = YES;
				CLANG_WARN_BLOCK_CAPTURE_AUTORELEASING = YES;
				CLANG_WARN_BOOL_CONVERSION = YES;
				CLANG_WARN_COMMA = YES;
				CLANG_WARN_CONSTANT_CONVERSION = YES;
				CLANG_WARN_DEPRECATED_OBJC_IMPLEMENTATIONS = YES;
				CLANG_WARN_DIRECT_OBJC_ISA_USAGE = YES_ERROR;
				CLANG_WARN_DOCUMENTATION_COMMENTS = YES;
				CLANG_WARN_EMPTY_BODY = YES;
				CLANG_WARN_ENUM_CONVERSION = YES;
				CLANG_WARN_INFINITE_RECURSION = YES;
				CLANG_WARN_INT_CONVERSION = YES;
				CLANG_WARN_NON_LITERAL_NULL_CONVERSION = YES;
				CLANG_WARN_OBJC_IMPLICIT_RETAIN_SELF = YES;
				CLANG_WARN_OBJC_LITERAL_CONVERSION = YES;
				CLANG_WARN_OBJC_ROOT_CLASS = YES_ERROR;
				CLANG_WARN_RANGE_LOOP_ANALYSIS = YES;
				CLANG_WARN_STRICT_PROTOTYPES = YES;
				CLANG_WARN_SUSPICIOUS_MOVE = YES;
				CLANG_WARN_UNGUARDED_AVAILABILITY = YES_AGGRESSIVE;
				CLANG_WARN_UNREACHABLE_CODE = YES;
				CLANG_WARN__DUPLICATE_METHOD_MATCH = YES;
				CODE_SIGN_IDENTITY = "iPhone Developer";
				COPY_PHASE_STRIP = NO;
				DEBUG_INFORMATION_FORMAT = "dwarf-with-dsym";
				ENABLE_NS_ASSERTIONS = NO;
				ENABLE_STRICT_OBJC_MSGSEND = YES;
				GCC_C_LANGUAGE_STANDARD = gnu11;
				GCC_NO_COMMON_BLOCKS = YES;
				GCC_WARN_64_TO_32_BIT_CONVERSION = YES;
				GCC_WARN_ABOUT_RETURN_TYPE = YES_ERROR;
				GCC_WARN_UNDECLARED_SELECTOR = YES;
				GCC_WARN_UNINITIALIZED_AUTOS = YES_AGGRESSIVE;
				GCC_WARN_UNUSED_FUNCTION = YES;
				GCC_WARN_UNUSED_VARIABLE = YES;
				IPHONEOS_DEPLOYMENT_TARGET = 12.1;
				MTL_ENABLE_DEBUG_INFO = NO;
				MTL_FAST_MATH = YES;
				SDKROOT = iphoneos;
				SWIFT_COMPILATION_MODE = wholemodule;
				SWIFT_OPTIMIZATION_LEVEL = "-O";
				VALIDATE_PRODUCT = YES;
			};
			name = Release;
		};
		8EDAA21D2210597C00C23659 /* Debug */ = {
			isa = XCBuildConfiguration;
			baseConfigurationReference = 96CABB17D1F44AEAD2DC4015 /* Pods-Spreadsheet.debug.xcconfig */;
			buildSettings = {
				ASSETCATALOG_COMPILER_APPICON_NAME = AppIcon;
				CODE_SIGN_STYLE = Automatic;
				DEVELOPMENT_TEAM = 683U48NZTT;
				INFOPLIST_FILE = Spreadsheet/Info.plist;
				LD_RUNPATH_SEARCH_PATHS = (
					"$(inherited)",
					"@executable_path/Frameworks",
				);
				PRODUCT_BUNDLE_IDENTIFIER = com.orazz.Spreadsheet;
				PRODUCT_NAME = "$(TARGET_NAME)";
				SWIFT_VERSION = 4.2;
				TARGETED_DEVICE_FAMILY = "1,2";
			};
			name = Debug;
		};
		8EDAA21E2210597C00C23659 /* Release */ = {
			isa = XCBuildConfiguration;
			baseConfigurationReference = FE0D078814EF4B3039C1E0D7 /* Pods-Spreadsheet.release.xcconfig */;
			buildSettings = {
				ASSETCATALOG_COMPILER_APPICON_NAME = AppIcon;
				CODE_SIGN_STYLE = Automatic;
				DEVELOPMENT_TEAM = 683U48NZTT;
				INFOPLIST_FILE = Spreadsheet/Info.plist;
				LD_RUNPATH_SEARCH_PATHS = (
					"$(inherited)",
					"@executable_path/Frameworks",
				);
				PRODUCT_BUNDLE_IDENTIFIER = com.orazz.Spreadsheet;
				PRODUCT_NAME = "$(TARGET_NAME)";
				SWIFT_VERSION = 4.2;
				TARGETED_DEVICE_FAMILY = "1,2";
			};
			name = Release;
		};
/* End XCBuildConfiguration section */

/* Begin XCConfigurationList section */
		8EDAA2052210597B00C23659 /* Build configuration list for PBXProject "Spreadsheet" */ = {
			isa = XCConfigurationList;
			buildConfigurations = (
				8EDAA21A2210597C00C23659 /* Debug */,
				8EDAA21B2210597C00C23659 /* Release */,
			);
			defaultConfigurationIsVisible = 0;
			defaultConfigurationName = Release;
		};
		8EDAA21C2210597C00C23659 /* Build configuration list for PBXNativeTarget "Spreadsheet" */ = {
			isa = XCConfigurationList;
			buildConfigurations = (
				8EDAA21D2210597C00C23659 /* Debug */,
				8EDAA21E2210597C00C23659 /* Release */,
			);
			defaultConfigurationIsVisible = 0;
			defaultConfigurationName = Release;
		};
/* End XCConfigurationList section */
	};
	rootObject = 8EDAA2022210597B00C23659 /* Project object */;
}
